
Microsoft Visual Studio Solution File, Format Version 12.00
# Visual Studio Version 16
VisualStudioVersion = 16.0.30717.126
MinimumVisualStudioVersion = 10.0.40219.1
Project("{FAE04EC0-301F-11D3-BF4B-00C04F79EFBC}") = "SWGlobalTest", "SWGlobalTest\SWGlobalTest.csproj", "{1674FB5E-D386-4C17-A17F-B7943F09441B}"
EndProject
Global
	GlobalSection(SolutionConfigurationPlatforms) = preSolution
		Debug|Any CPU = Debug|Any CPU
		Release|Any CPU = Release|Any CPU
	EndGlobalSection
	GlobalSection(ProjectConfigurationPlatforms) = postSolution
		{1674FB5E-D386-4C17-A17F-B7943F09441B}.Debug|Any CPU.ActiveCfg = Debug|Any CPU
		{1674FB5E-D386-4C17-A17F-B7943F09441B}.Debug|Any CPU.Build.0 = Debug|Any CPU
		{1674FB5E-D386-4C17-A17F-B7943F09441B}.Release|Any CPU.ActiveCfg = Release|Any CPU
		{1674FB5E-D386-4C17-A17F-B7943F09441B}.Release|Any CPU.Build.0 = Release|Any CPU
	EndGlobalSection
	GlobalSection(SolutionProperties) = preSolution
		HideSolutionNode = FALSE
	EndGlobalSection
	GlobalSection(ExtensibilityGlobals) = postSolution
		SolutionGuid = {86A3CF7B-B3EE-4407-82AD-93AE58AB9A81}
	EndGlobalSection
EndGlobal
